
Microsoft Visual Studio Solution File, Format Version 12.00
# Visual Studio Version 16
VisualStudioVersion = 16.0.31005.135
MinimumVisualStudioVersion = 10.0.40219.1
Project("{FAE04EC0-301F-11D3-BF4B-00C04F79EFBC}") = "simple-dotnet-core-webapi", "simple-dotnet-core-webapi\simple-dotnet-core-webapi.csproj", "{FB273704-145B-4A28-9149-AE1FAD9280C3}"
EndProject
Global
	GlobalSection(SolutionConfigurationPlatforms) = preSolution
		Debug|Any CPU = Debug|Any CPU
		Release|Any CPU = Release|Any CPU
	EndGlobalSection
	GlobalSection(ProjectConfigurationPlatforms) = postSolution
		{FB273704-145B-4A28-9149-AE1FAD9280C3}.Debug|Any CPU.ActiveCfg = Debug|Any CPU
		{FB273704-145B-4A28-9149-AE1FAD9280C3}.Debug|Any CPU.Build.0 = Debug|Any CPU
		{FB273704-145B-4A28-9149-AE1FAD9280C3}.Release|Any CPU.ActiveCfg = Release|Any CPU
		{FB273704-145B-4A28-9149-AE1FAD9280C3}.Release|Any CPU.Build.0 = Release|Any CPU
	EndGlobalSection
	GlobalSection(SolutionProperties) = preSolution
		HideSolutionNode = FALSE
	EndGlobalSection
	GlobalSection(ExtensibilityGlobals) = postSolution
		SolutionGuid = {B5699E02-2376-4145-B9F1-63F635361A15}
	EndGlobalSection
EndGlobal
